
Microsoft Visual Studio Solution File, Format Version 12.00
# Visual Studio Version 17
VisualStudioVersion = 17.7.34031.279
MinimumVisualStudioVersion = 10.0.40219.1
Project("{FAE04EC0-301F-11D3-BF4B-00C04F79EFBC}") = "Exercise3Solution", "Exercise3Solution\Exercise3Solution.csproj", "{B43A347A-5930-4228-A69B-9DE794BA640B}"
EndProject
Global
	GlobalSection(SolutionConfigurationPlatforms) = preSolution
		Debug|Any CPU = Debug|Any CPU
		Release|Any CPU = Release|Any CPU
	EndGlobalSection
	GlobalSection(ProjectConfigurationPlatforms) = postSolution
		{B43A347A-5930-4228-A69B-9DE794BA640B}.Debug|Any CPU.ActiveCfg = Debug|Any CPU
		{B43A347A-5930-4228-A69B-9DE794BA640B}.Debug|Any CPU.Build.0 = Debug|Any CPU
		{B43A347A-5930-4228-A69B-9DE794BA640B}.Release|Any CPU.ActiveCfg = Release|Any CPU
		{B43A347A-5930-4228-A69B-9DE794BA640B}.Release|Any CPU.Build.0 = Release|Any CPU
	EndGlobalSection
	GlobalSection(SolutionProperties) = preSolution
		HideSolutionNode = FALSE
	EndGlobalSection
	GlobalSection(ExtensibilityGlobals) = postSolution
		SolutionGuid = {E99EB935-8320-43F1-87A7-925526FD11F3}
	EndGlobalSection
EndGlobal
